
Microsoft Visual Studio Solution File, Format Version 12.00
# Visual Studio Version 16
VisualStudioVersion = 16.0.32428.217
MinimumVisualStudioVersion = 10.0.40219.1
Project("{8BC9CEB8-8B4A-11D0-8D11-00A0C91BC942}") = "project", "project\project.vcxproj", "{D082A570-B37E-459A-8CFD-A46687CE2902}"
EndProject
Global
	GlobalSection(SolutionConfigurationPlatforms) = preSolution
		Debug|x64 = Debug|x64
		Debug|x86 = Debug|x86
		Release|x64 = Release|x64
		Release|x86 = Release|x86
	EndGlobalSection
	GlobalSection(ProjectConfigurationPlatforms) = postSolution
		{D082A570-B37E-459A-8CFD-A46687CE2902}.Debug|x64.ActiveCfg = Debug|x64
		{D082A570-B37E-459A-8CFD-A46687CE2902}.Debug|x64.Build.0 = Debug|x64
		{D082A570-B37E-459A-8CFD-A46687CE2902}.Debug|x86.ActiveCfg = Debug|Win32
		{D082A570-B37E-459A-8CFD-A46687CE2902}.Debug|x86.Build.0 = Debug|Win32
		{D082A570-B37E-459A-8CFD-A46687CE2902}.Release|x64.ActiveCfg = Release|x64
		{D082A570-B37E-459A-8CFD-A46687CE2902}.Release|x64.Build.0 = Release|x64
		{D082A570-B37E-459A-8CFD-A46687CE2902}.Release|x86.ActiveCfg = Release|Win32
		{D082A570-B37E-459A-8CFD-A46687CE2902}.Release|x86.Build.0 = Release|Win32
	EndGlobalSection
	GlobalSection(SolutionProperties) = preSolution
		HideSolutionNode = FALSE
	EndGlobalSection
	GlobalSection(ExtensibilityGlobals) = postSolution
		SolutionGuid = {EB6580D3-AC2A-440D-8E69-A549D2AB6819}
	EndGlobalSection
EndGlobal
